
Microsoft Visual Studio Solution File, Format Version 12.00
# Visual Studio 14
VisualStudioVersion = 14.0.25123.0
MinimumVisualStudioVersion = 10.0.40219.1
Project("{FAE04EC0-301F-11D3-BF4B-00C04F79EFBC}") = "StreamingSite", "StreamingSite\StreamingSite.csproj", "{F0A0E507-0411-457F-9672-A208FB90F179}"
EndProject
Project("{FAE04EC0-301F-11D3-BF4B-00C04F79EFBC}") = "StreamingSite.Test", "StreamingSite.Test\StreamingSite.Test.csproj", "{AF03A309-68FF-4201-8880-9EEB5509E096}"
EndProject
Global
	GlobalSection(SolutionConfigurationPlatforms) = preSolution
		Debug|Any CPU = Debug|Any CPU
		Release|Any CPU = Release|Any CPU
	EndGlobalSection
	GlobalSection(ProjectConfigurationPlatforms) = postSolution
		{F0A0E507-0411-457F-9672-A208FB90F179}.Debug|Any CPU.ActiveCfg = Debug|Any CPU
		{F0A0E507-0411-457F-9672-A208FB90F179}.Debug|Any CPU.Build.0 = Debug|Any CPU
		{F0A0E507-0411-457F-9672-A208FB90F179}.Release|Any CPU.ActiveCfg = Release|Any CPU
		{F0A0E507-0411-457F-9672-A208FB90F179}.Release|Any CPU.Build.0 = Release|Any CPU
		{AF03A309-68FF-4201-8880-9EEB5509E096}.Debug|Any CPU.ActiveCfg = Debug|Any CPU
		{AF03A309-68FF-4201-8880-9EEB5509E096}.Debug|Any CPU.Build.0 = Debug|Any CPU
		{AF03A309-68FF-4201-8880-9EEB5509E096}.Release|Any CPU.ActiveCfg = Release|Any CPU
		{AF03A309-68FF-4201-8880-9EEB5509E096}.Release|Any CPU.Build.0 = Release|Any CPU
	EndGlobalSection
	GlobalSection(SolutionProperties) = preSolution
		HideSolutionNode = FALSE
	EndGlobalSection
EndGlobal
